// !$*UTF8*$!
{
	archiveVersion = 1;
	classes = {
	};
	objectVersion = 46;
	objects = {

/* Begin PBXBuildFile section */
		742CC8DA1C2AFE570010AB43 /* UserCollectionViewCell.m in Sources */ = {isa = PBXBuildFile; fileRef = 742CC8D91C2AFE570010AB43 /* UserCollectionViewCell.m */; };
		745EE2611C2AC26F003931D6 /* main.m in Sources */ = {isa = PBXBuildFile; fileRef = 745EE2601C2AC26F003931D6 /* main.m */; };
		745EE2641C2AC26F003931D6 /* AppDelegate.m in Sources */ = {isa = PBXBuildFile; fileRef = 745EE2631C2AC26F003931D6 /* AppDelegate.m */; };
		745EE2671C2AC26F003931D6 /* LoginViewController.m in Sources */ = {isa = PBXBuildFile; fileRef = 745EE2661C2AC26F003931D6 /* LoginViewController.m */; };
		745EE26A1C2AC26F003931D6 /* Main.storyboard in Resources */ = {isa = PBXBuildFile; fileRef = 745EE2681C2AC26F003931D6 /* Main.storyboard */; };
		745EE26C1C2AC26F003931D6 /* Assets.xcassets in Resources */ = {isa = PBXBuildFile; fileRef = 745EE26B1C2AC26F003931D6 /* Assets.xcassets */; };
		745EE26F1C2AC26F003931D6 /* LaunchScreen.storyboard in Resources */ = {isa = PBXBuildFile; fileRef = 745EE26D1C2AC26F003931D6 /* LaunchScreen.storyboard */; };
		745EE29E1C2ACDED003931D6 /* AFNetworking.framework in Frameworks */ = {isa = PBXBuildFile; fileRef = 745EE2821C2ACDD2003931D6 /* AFNetworking.framework */; };
		745EE2AB1C2ACE7C003931D6 /* GithubSearchTests.m in Sources */ = {isa = PBXBuildFile; fileRef = 745EE2AA1C2ACE7C003931D6 /* GithubSearchTests.m */; };
		745EE2B41C2ACEB0003931D6 /* Kiwi.framework in Frameworks */ = {isa = PBXBuildFile; fileRef = 745EE2971C2ACDD7003931D6 /* Kiwi.framework */; };
		A1695195874A3022281C84AF /* ListingViewController.m in Sources */ = {isa = PBXBuildFile; fileRef = A1695E43470CB80C052E5DEF /* ListingViewController.m */; };
		A16955E8EE8202423627A0B8 /* UserService.m in Sources */ = {isa = PBXBuildFile; fileRef = A1695F18D04F6DD90A497D6C /* UserService.m */; };
		A169560CFDF2E6F822AD879D /* Employee.m in Sources */ = {isa = PBXBuildFile; fileRef = A1695C1C030E1A0DA44932CD /* Employee.m */; };
		A169570A02B01C69A80EE192 /* NetworkService.m in Sources */ = {isa = PBXBuildFile; fileRef = A169519D40645A8860507D3B /* NetworkService.m */; };
		A1695715DF72F2DB50090BE0 /* ListingViewModel.m in Sources */ = {isa = PBXBuildFile; fileRef = A1695188C5ED075CA2EAF7A6 /* ListingViewModel.m */; };
		A1695A4B60FC55AD01EFC0A5 /* NSArray+Functional.m in Sources */ = {isa = PBXBuildFile; fileRef = A169513D4D3AD260B6AFCDD3 /* NSArray+Functional.m */; };
		A1695A66D51443A77F83BFF6 /* User.m in Sources */ = {isa = PBXBuildFile; fileRef = A169548A5D71370EF206DB23 /* User.m */; };
		A1695DB95B800645A6197C9B /* SearchViewController.m in Sources */ = {isa = PBXBuildFile; fileRef = A169537F54319E4AA3B9A858 /* SearchViewController.m */; };
		A1695F120E1D2580899B4CF3 /* UserCollectionViewCellModel.m in Sources */ = {isa = PBXBuildFile; fileRef = A1695AC79D61B80E57A88252 /* UserCollectionViewCellModel.m */; };
/* End PBXBuildFile section */

/* Begin PBXContainerItemProxy section */
		745EE2811C2ACDD2003931D6 /* PBXContainerItemProxy */ = {
			isa = PBXContainerItemProxy;
			containerPortal = 745EE2771C2ACDD1003931D6 /* AFNetworking.xcodeproj */;
			proxyType = 2;
			remoteGlobalIDString = 299522391BBF104D00859F49;
			remoteInfo = "AFNetworking iOS";
		};
		745EE2831C2ACDD2003931D6 /* PBXContainerItemProxy */ = {
			isa = PBXContainerItemProxy;
			containerPortal = 745EE2771C2ACDD1003931D6 /* AFNetworking.xcodeproj */;
			proxyType = 2;
			remoteGlobalIDString = 299522651BBF129200859F49;
			remoteInfo = "AFNetworking watchOS";
		};
		745EE2851C2ACDD2003931D6 /* PBXContainerItemProxy */ = {
			isa = PBXContainerItemProxy;
			containerPortal = 745EE2771C2ACDD1003931D6 /* AFNetworking.xcodeproj */;
			proxyType = 2;
			remoteGlobalIDString = 299522771BBF136400859F49;
			remoteInfo = "AFNetworking OS X";
		};
		745EE2871C2ACDD2003931D6 /* PBXContainerItemProxy */ = {
			isa = PBXContainerItemProxy;
			containerPortal = 745EE2771C2ACDD1003931D6 /* AFNetworking.xcodeproj */;
			proxyType = 2;
			remoteGlobalIDString = 2987B0A51BC408A200179A4C;
			remoteInfo = "AFNetworking tvOS";
		};
		745EE2891C2ACDD2003931D6 /* PBXContainerItemProxy */ = {
			isa = PBXContainerItemProxy;
			containerPortal = 745EE2771C2ACDD1003931D6 /* AFNetworking.xcodeproj */;
			proxyType = 2;
			remoteGlobalIDString = 298D7C3B1BC2C79500FD3B3E;
			remoteInfo = "AFNetworking iOS Tests";
		};
		745EE28B1C2ACDD2003931D6 /* PBXContainerItemProxy */ = {
			isa = PBXContainerItemProxy;
			containerPortal = 745EE2771C2ACDD1003931D6 /* AFNetworking.xcodeproj */;
			proxyType = 2;
			remoteGlobalIDString = 298D7C4A1BC2C7B200FD3B3E;
			remoteInfo = "AFNetworking Mac OS X Tests";
		};
		745EE28D1C2ACDD2003931D6 /* PBXContainerItemProxy */ = {
			isa = PBXContainerItemProxy;
			containerPortal = 745EE2771C2ACDD1003931D6 /* AFNetworking.xcodeproj */;
			proxyType = 2;
			remoteGlobalIDString = 2987B0AE1BC408A200179A4C;
			remoteInfo = "AFNetworking tvOS Tests";
		};
		745EE2961C2ACDD7003931D6 /* PBXContainerItemProxy */ = {
			isa = PBXContainerItemProxy;
			containerPortal = 745EE28F1C2ACDD7003931D6 /* Kiwi.xcodeproj */;
			proxyType = 2;
			remoteGlobalIDString = CE87C4231AF194E900310C07;
			remoteInfo = "Kiwi-iOS";
		};
		745EE2981C2ACDD7003931D6 /* PBXContainerItemProxy */ = {
			isa = PBXContainerItemProxy;
			containerPortal = 745EE28F1C2ACDD7003931D6 /* Kiwi.xcodeproj */;
			proxyType = 2;
			remoteGlobalIDString = CE87C42D1AF194EA00310C07;
			remoteInfo = "KiwiTests-iOS";
		};
		745EE29A1C2ACDD7003931D6 /* PBXContainerItemProxy */ = {
			isa = PBXContainerItemProxy;
			containerPortal = 745EE28F1C2ACDD7003931D6 /* Kiwi.xcodeproj */;
			proxyType = 2;
			remoteGlobalIDString = 4AE02FBD1AEB45EB00556381;
			remoteInfo = "Kiwi-OSX";
		};
		745EE29C1C2ACDD7003931D6 /* PBXContainerItemProxy */ = {
			isa = PBXContainerItemProxy;
			containerPortal = 745EE28F1C2ACDD7003931D6 /* Kiwi.xcodeproj */;
			proxyType = 2;
			remoteGlobalIDString = 4AE02FC71AEB45EB00556381;
			remoteInfo = "KiwiTests-OSX";
		};
		745EE2A21C2ACDF9003931D6 /* PBXContainerItemProxy */ = {
			isa = PBXContainerItemProxy;
			containerPortal = 745EE2771C2ACDD1003931D6 /* AFNetworking.xcodeproj */;
			proxyType = 1;
			remoteGlobalIDString = 299522381BBF104D00859F49;
			remoteInfo = "AFNetworking iOS";
		};
		745EE2AD1C2ACE7C003931D6 /* PBXContainerItemProxy */ = {
			isa = PBXContainerItemProxy;
			containerPortal = 745EE2541C2AC26F003931D6 /* Project object */;
			proxyType = 1;
			remoteGlobalIDString = 745EE25B1C2AC26F003931D6;
			remoteInfo = GithubSearch;
		};
		745EE2B21C2ACEA5003931D6 /* PBXContainerItemProxy */ = {
			isa = PBXContainerItemProxy;
			containerPortal = 745EE28F1C2ACDD7003931D6 /* Kiwi.xcodeproj */;
			proxyType = 1;
			remoteGlobalIDString = CE87C4221AF194E900310C07;
			remoteInfo = "Kiwi-iOS";
		};
/* End PBXContainerItemProxy section */

/* Begin PBXFileReference section */
		742CC8D81C2AFE570010AB43 /* UserCollectionViewCell.h */ = {isa = PBXFileReference; fileEncoding = 4; lastKnownFileType = sourcecode.c.h; path = UserCollectionViewCell.h; sourceTree = "<group>"; };
		742CC8D91C2AFE570010AB43 /* UserCollectionViewCell.m */ = {isa = PBXFileReference; fileEncoding = 4; lastKnownFileType = sourcecode.c.objc; path = UserCollectionViewCell.m; sourceTree = "<group>"; };
		745EE25C1C2AC26F003931D6 /* GithubSearch.app */ = {isa = PBXFileReference; explicitFileType = wrapper.application; includeInIndex = 0; path = GithubSearch.app; sourceTree = BUILT_PRODUCTS_DIR; };
		745EE2601C2AC26F003931D6 /* main.m */ = {isa = PBXFileReference; lastKnownFileType = sourcecode.c.objc; path = main.m; sourceTree = "<group>"; };
		745EE2621C2AC26F003931D6 /* AppDelegate.h */ = {isa = PBXFileReference; lastKnownFileType = sourcecode.c.h; path = AppDelegate.h; sourceTree = "<group>"; };
		745EE2631C2AC26F003931D6 /* AppDelegate.m */ = {isa = PBXFileReference; lastKnownFileType = sourcecode.c.objc; path = AppDelegate.m; sourceTree = "<group>"; };
		745EE2651C2AC26F003931D6 /* LoginViewController.h */ = {isa = PBXFileReference; lastKnownFileType = sourcecode.c.h; path = LoginViewController.h; sourceTree = "<group>"; };
		745EE2661C2AC26F003931D6 /* LoginViewController.m */ = {isa = PBXFileReference; lastKnownFileType = sourcecode.c.objc; path = LoginViewController.m; sourceTree = "<group>"; };
		745EE2691C2AC26F003931D6 /* Base */ = {isa = PBXFileReference; lastKnownFileType = file.storyboard; name = Base; path = Base.lproj/Main.storyboard; sourceTree = "<group>"; };
		745EE26B1C2AC26F003931D6 /* Assets.xcassets */ = {isa = PBXFileReference; lastKnownFileType = folder.assetcatalog; path = Assets.xcassets; sourceTree = "<group>"; };
		745EE26E1C2AC26F003931D6 /* Base */ = {isa = PBXFileReference; lastKnownFileType = file.storyboard; name = Base; path = Base.lproj/LaunchScreen.storyboard; sourceTree = "<group>"; };
		745EE2701C2AC26F003931D6 /* Info.plist */ = {isa = PBXFileReference; lastKnownFileType = text.plist.xml; path = Info.plist; sourceTree = "<group>"; };
		745EE2771C2ACDD1003931D6 /* AFNetworking.xcodeproj */ = {isa = PBXFileReference; lastKnownFileType = "wrapper.pb-project"; name = AFNetworking.xcodeproj; path = Vendor/AFNetworking/AFNetworking.xcodeproj; sourceTree = "<group>"; };
		745EE28F1C2ACDD7003931D6 /* Kiwi.xcodeproj */ = {isa = PBXFileReference; lastKnownFileType = "wrapper.pb-project"; name = Kiwi.xcodeproj; path = Vendor/Kiwi/Kiwi.xcodeproj; sourceTree = "<group>"; };
		745EE2A81C2ACE7C003931D6 /* GithubSearchTests.xctest */ = {isa = PBXFileReference; explicitFileType = wrapper.cfbundle; includeInIndex = 0; path = GithubSearchTests.xctest; sourceTree = BUILT_PRODUCTS_DIR; };
		745EE2AA1C2ACE7C003931D6 /* GithubSearchTests.m */ = {isa = PBXFileReference; lastKnownFileType = sourcecode.c.objc; path = GithubSearchTests.m; sourceTree = "<group>"; };
		745EE2AC1C2ACE7C003931D6 /* Info.plist */ = {isa = PBXFileReference; lastKnownFileType = text.plist.xml; path = Info.plist; sourceTree = "<group>"; };
		A169513D4D3AD260B6AFCDD3 /* NSArray+Functional.m */ = {isa = PBXFileReference; fileEncoding = 4; lastKnownFileType = sourcecode.c.objc; path = "NSArray+Functional.m"; sourceTree = "<group>"; };
		A1695188C5ED075CA2EAF7A6 /* ListingViewModel.m */ = {isa = PBXFileReference; fileEncoding = 4; lastKnownFileType = sourcecode.c.objc; path = ListingViewModel.m; sourceTree = "<group>"; };
		A169519D40645A8860507D3B /* NetworkService.m */ = {isa = PBXFileReference; fileEncoding = 4; lastKnownFileType = sourcecode.c.objc; path = NetworkService.m; sourceTree = "<group>"; };
		A16951DEF84B4519FBD9D6C8 /* NetworkService.h */ = {isa = PBXFileReference; fileEncoding = 4; lastKnownFileType = sourcecode.c.h; path = NetworkService.h; sourceTree = "<group>"; };
		A16952CF41844A1D7781B823 /* ListingViewModel.h */ = {isa = PBXFileReference; fileEncoding = 4; lastKnownFileType = sourcecode.c.h; path = ListingViewModel.h; sourceTree = "<group>"; };
		A1695328C68A11B99192C291 /* User.h */ = {isa = PBXFileReference; fileEncoding = 4; lastKnownFileType = sourcecode.c.h; path = User.h; sourceTree = "<group>"; };
		A169537F54319E4AA3B9A858 /* SearchViewController.m */ = {isa = PBXFileReference; fileEncoding = 4; lastKnownFileType = sourcecode.c.objc; path = SearchViewController.m; sourceTree = "<group>"; };
		A169548A5D71370EF206DB23 /* User.m */ = {isa = PBXFileReference; fileEncoding = 4; lastKnownFileType = sourcecode.c.objc; path = User.m; sourceTree = "<group>"; };
		A1695739CBBAAECF3A5F1DF3 /* NSArray+Functional.h */ = {isa = PBXFileReference; fileEncoding = 4; lastKnownFileType = sourcecode.c.h; path = "NSArray+Functional.h"; sourceTree = "<group>"; };
		A16957B056F6662775B068A7 /* Employee.h */ = {isa = PBXFileReference; fileEncoding = 4; lastKnownFileType = sourcecode.c.h; path = Employee.h; sourceTree = "<group>"; };
		A1695890DD1BABF70CF0B1E8 /* UserCollectionViewCellModel.h */ = {isa = PBXFileReference; fileEncoding = 4; lastKnownFileType = sourcecode.c.h; path = UserCollectionViewCellModel.h; sourceTree = "<group>"; };
		A16959B956342FD8FB6DFDDC /* UserService.h */ = {isa = PBXFileReference; fileEncoding = 4; lastKnownFileType = sourcecode.c.h; path = UserService.h; sourceTree = "<group>"; };
		A1695A9B25C5BD9AAC8F9CFF /* ListingViewController.h */ = {isa = PBXFileReference; fileEncoding = 4; lastKnownFileType = sourcecode.c.h; path = ListingViewController.h; sourceTree = "<group>"; };
		A1695AC79D61B80E57A88252 /* UserCollectionViewCellModel.m */ = {isa = PBXFileReference; fileEncoding = 4; lastKnownFileType = sourcecode.c.objc; path = UserCollectionViewCellModel.m; sourceTree = "<group>"; };
		A1695B486F09EE7EDDCAADD6 /* SearchViewController.h */ = {isa = PBXFileReference; fileEncoding = 4; lastKnownFileType = sourcecode.c.h; path = SearchViewController.h; sourceTree = "<group>"; };
		A1695C1C030E1A0DA44932CD /* Employee.m */ = {isa = PBXFileReference; fileEncoding = 4; lastKnownFileType = sourcecode.c.objc; path = Employee.m; sourceTree = "<group>"; };
		A1695E43470CB80C052E5DEF /* ListingViewController.m */ = {isa = PBXFileReference; fileEncoding = 4; lastKnownFileType = sourcecode.c.objc; path = ListingViewController.m; sourceTree = "<group>"; };
		A1695F18D04F6DD90A497D6C /* UserService.m */ = {isa = PBXFileReference; fileEncoding = 4; lastKnownFileType = sourcecode.c.objc; path = UserService.m; sourceTree = "<group>"; };
/* End PBXFileReference section */

/* Begin PBXFrameworksBuildPhase section */
		745EE2591C2AC26F003931D6 /* Frameworks */ = {
			isa = PBXFrameworksBuildPhase;
			buildActionMask = 2147483647;
			files = (
				745EE29E1C2ACDED003931D6 /* AFNetworking.framework in Frameworks */,
			);
			runOnlyForDeploymentPostprocessing = 0;
		};
		745EE2A51C2ACE7C003931D6 /* Frameworks */ = {
			isa = PBXFrameworksBuildPhase;
			buildActionMask = 2147483647;
			files = (
				745EE2B41C2ACEB0003931D6 /* Kiwi.framework in Frameworks */,
			);
			runOnlyForDeploymentPostprocessing = 0;
		};
/* End PBXFrameworksBuildPhase section */

/* Begin PBXGroup section */
		745EE2531C2AC26F003931D6 = {
			isa = PBXGroup;
			children = (
				745EE2761C2ACDBC003931D6 /* Vendor */,
				745EE25E1C2AC26F003931D6 /* GithubSearch */,
				745EE2A91C2ACE7C003931D6 /* GithubSearchTests */,
				745EE25D1C2AC26F003931D6 /* Products */,
			);
			sourceTree = "<group>";
		};
		745EE25D1C2AC26F003931D6 /* Products */ = {
			isa = PBXGroup;
			children = (
				745EE25C1C2AC26F003931D6 /* GithubSearch.app */,
				745EE2A81C2ACE7C003931D6 /* GithubSearchTests.xctest */,
			);
			name = Products;
			sourceTree = "<group>";
		};
		745EE25E1C2AC26F003931D6 /* GithubSearch */ = {
			isa = PBXGroup;
			children = (
				74DD30401C2AD2E5009A28C6 /* Listing */,
				74DD303F1C2AD2DF009A28C6 /* Search */,
				74DD30351C2AD2D9009A28C6 /* Login */,
				745EE2621C2AC26F003931D6 /* AppDelegate.h */,
				745EE2631C2AC26F003931D6 /* AppDelegate.m */,
				745EE2681C2AC26F003931D6 /* Main.storyboard */,
				745EE26B1C2AC26F003931D6 /* Assets.xcassets */,
				745EE26D1C2AC26F003931D6 /* LaunchScreen.storyboard */,
				745EE2701C2AC26F003931D6 /* Info.plist */,
				745EE25F1C2AC26F003931D6 /* Supporting Files */,
				A169506549C797C997F559B5 /* Models */,
				A16956C022714D55264120D1 /* Services */,
				A169598B32F9FA6EE244D6E8 /* Utils */,
			);
			path = GithubSearch;
			sourceTree = "<group>";
		};
		745EE25F1C2AC26F003931D6 /* Supporting Files */ = {
			isa = PBXGroup;
			children = (
				745EE2601C2AC26F003931D6 /* main.m */,
			);
			name = "Supporting Files";
			sourceTree = "<group>";
		};
		745EE2761C2ACDBC003931D6 /* Vendor */ = {
			isa = PBXGroup;
			children = (
				745EE28F1C2ACDD7003931D6 /* Kiwi.xcodeproj */,
				745EE2771C2ACDD1003931D6 /* AFNetworking.xcodeproj */,
			);
			name = Vendor;
			sourceTree = "<group>";
		};
		745EE2781C2ACDD1003931D6 /* Products */ = {
			isa = PBXGroup;
			children = (
				745EE2821C2ACDD2003931D6 /* AFNetworking.framework */,
				745EE2841C2ACDD2003931D6 /* AFNetworking.framework */,
				745EE2861C2ACDD2003931D6 /* AFNetworking.framework */,
				745EE2881C2ACDD2003931D6 /* AFNetworking.framework */,
				745EE28A1C2ACDD2003931D6 /* AFNetworking iOS Tests.xctest */,
				745EE28C1C2ACDD2003931D6 /* AFNetworking Mac OS X Tests.xctest */,
				745EE28E1C2ACDD2003931D6 /* AFNetworking tvOS Tests.xctest */,
			);
			name = Products;
			sourceTree = "<group>";
		};
		745EE2901C2ACDD7003931D6 /* Products */ = {
			isa = PBXGroup;
			children = (
				745EE2971C2ACDD7003931D6 /* Kiwi.framework */,
				745EE2991C2ACDD7003931D6 /* KiwiTests.xctest */,
				745EE29B1C2ACDD7003931D6 /* Kiwi.framework */,
				745EE29D1C2ACDD7003931D6 /* KiwiTests.xctest */,
			);
			name = Products;
			sourceTree = "<group>";
		};
		745EE2A91C2ACE7C003931D6 /* GithubSearchTests */ = {
			isa = PBXGroup;
			children = (
				745EE2AA1C2ACE7C003931D6 /* GithubSearchTests.m */,
				745EE2AC1C2ACE7C003931D6 /* Info.plist */,
			);
			path = GithubSearchTests;
			sourceTree = "<group>";
		};
		74DD30351C2AD2D9009A28C6 /* Login */ = {
			isa = PBXGroup;
			children = (
				745EE2651C2AC26F003931D6 /* LoginViewController.h */,
				745EE2661C2AC26F003931D6 /* LoginViewController.m */,
			);
			name = Login;
			sourceTree = "<group>";
		};
		74DD303F1C2AD2DF009A28C6 /* Search */ = {
			isa = PBXGroup;
			children = (
				A169537F54319E4AA3B9A858 /* SearchViewController.m */,
				A1695B486F09EE7EDDCAADD6 /* SearchViewController.h */,
			);
			name = Search;
			sourceTree = "<group>";
		};
		74DD30401C2AD2E5009A28C6 /* Listing */ = {
			isa = PBXGroup;
			children = (
				A1695E43470CB80C052E5DEF /* ListingViewController.m */,
				A1695A9B25C5BD9AAC8F9CFF /* ListingViewController.h */,
				742CC8D81C2AFE570010AB43 /* UserCollectionViewCell.h */,
				742CC8D91C2AFE570010AB43 /* UserCollectionViewCell.m */,
				A1695AC79D61B80E57A88252 /* UserCollectionViewCellModel.m */,
				A1695890DD1BABF70CF0B1E8 /* UserCollectionViewCellModel.h */,
				A1695188C5ED075CA2EAF7A6 /* ListingViewModel.m */,
				A16952CF41844A1D7781B823 /* ListingViewModel.h */,
			);
			name = Listing;
			sourceTree = "<group>";
		};
		A169506549C797C997F559B5 /* Models */ = {
			isa = PBXGroup;
			children = (
				A1695C1C030E1A0DA44932CD /* Employee.m */,
				A16957B056F6662775B068A7 /* Employee.h */,
				A169548A5D71370EF206DB23 /* User.m */,
				A1695328C68A11B99192C291 /* User.h */,
			);
			name = Models;
			sourceTree = "<group>";
		};
		A16956C022714D55264120D1 /* Services */ = {
			isa = PBXGroup;
			children = (
				A169519D40645A8860507D3B /* NetworkService.m */,
				A16951DEF84B4519FBD9D6C8 /* NetworkService.h */,
				A1695F18D04F6DD90A497D6C /* UserService.m */,
				A16959B956342FD8FB6DFDDC /* UserService.h */,
			);
			name = Services;
			sourceTree = "<group>";
		};
		A169598B32F9FA6EE244D6E8 /* Utils */ = {
			isa = PBXGroup;
			children = (
				A169513D4D3AD260B6AFCDD3 /* NSArray+Functional.m */,
				A1695739CBBAAECF3A5F1DF3 /* NSArray+Functional.h */,
			);
			name = Utils;
			sourceTree = "<group>";
		};
/* End PBXGroup section */

/* Begin PBXNativeTarget section */
		745EE25B1C2AC26F003931D6 /* GithubSearch */ = {
			isa = PBXNativeTarget;
			buildConfigurationList = 745EE2731C2AC26F003931D6 /* Build configuration list for PBXNativeTarget "GithubSearch" */;
			buildPhases = (
				745EE2581C2AC26F003931D6 /* Sources */,
				745EE2591C2AC26F003931D6 /* Frameworks */,
				745EE25A1C2AC26F003931D6 /* Resources */,
			);
			buildRules = (
			);
			dependencies = (
				745EE2A31C2ACDF9003931D6 /* PBXTargetDependency */,
			);
			name = GithubSearch;
			productName = GithubSearch;
			productReference = 745EE25C1C2AC26F003931D6 /* GithubSearch.app */;
			productType = "com.apple.product-type.application";
		};
		745EE2A71C2ACE7C003931D6 /* GithubSearchTests */ = {
			isa = PBXNativeTarget;
			buildConfigurationList = 745EE2AF1C2ACE7C003931D6 /* Build configuration list for PBXNativeTarget "GithubSearchTests" */;
			buildPhases = (
				745EE2A41C2ACE7C003931D6 /* Sources */,
				745EE2A51C2ACE7C003931D6 /* Frameworks */,
				745EE2A61C2ACE7C003931D6 /* Resources */,
			);
			buildRules = (
			);
			dependencies = (
				745EE2B31C2ACEA5003931D6 /* PBXTargetDependency */,
				745EE2AE1C2ACE7C003931D6 /* PBXTargetDependency */,
			);
			name = GithubSearchTests;
			productName = GithubSearchTests;
			productReference = 745EE2A81C2ACE7C003931D6 /* GithubSearchTests.xctest */;
			productType = "com.apple.product-type.bundle.unit-test";
		};
/* End PBXNativeTarget section */

/* Begin PBXProject section */
		745EE2541C2AC26F003931D6 /* Project object */ = {
			isa = PBXProject;
			attributes = {
				LastUpgradeCheck = 0720;
				ORGANIZATIONNAME = "Jian Zhang";
				TargetAttributes = {
					745EE25B1C2AC26F003931D6 = {
						CreatedOnToolsVersion = 7.2;
					};
					745EE2A71C2ACE7C003931D6 = {
						CreatedOnToolsVersion = 7.2;
						TestTargetID = 745EE25B1C2AC26F003931D6;
					};
				};
			};
			buildConfigurationList = 745EE2571C2AC26F003931D6 /* Build configuration list for PBXProject "GithubSearch" */;
			compatibilityVersion = "Xcode 3.2";
			developmentRegion = English;
			hasScannedForEncodings = 0;
			knownRegions = (
				en,
				Base,
			);
			mainGroup = 745EE2531C2AC26F003931D6;
			productRefGroup = 745EE25D1C2AC26F003931D6 /* Products */;
			projectDirPath = "";
			projectReferences = (
				{
					ProductGroup = 745EE2781C2ACDD1003931D6 /* Products */;
					ProjectRef = 745EE2771C2ACDD1003931D6 /* AFNetworking.xcodeproj */;
				},
				{
					ProductGroup = 745EE2901C2ACDD7003931D6 /* Products */;
					ProjectRef = 745EE28F1C2ACDD7003931D6 /* Kiwi.xcodeproj */;
				},
			);
			projectRoot = "";
			targets = (
				745EE25B1C2AC26F003931D6 /* GithubSearch */,
				745EE2A71C2ACE7C003931D6 /* GithubSearchTests */,
			);
		};
/* End PBXProject section */

/* Begin PBXReferenceProxy section */
		745EE2821C2ACDD2003931D6 /* AFNetworking.framework */ = {
			isa = PBXReferenceProxy;
			fileType = wrapper.framework;
			path = AFNetworking.framework;
			remoteRef = 745EE2811C2ACDD2003931D6 /* PBXContainerItemProxy */;
			sourceTree = BUILT_PRODUCTS_DIR;
		};
		745EE2841C2ACDD2003931D6 /* AFNetworking.framework */ = {
			isa = PBXReferenceProxy;
			fileType = wrapper.framework;
			path = AFNetworking.framework;
			remoteRef = 745EE2831C2ACDD2003931D6 /* PBXContainerItemProxy */;
			sourceTree = BUILT_PRODUCTS_DIR;
		};
		745EE2861C2ACDD2003931D6 /* AFNetworking.framework */ = {
			isa = PBXReferenceProxy;
			fileType = wrapper.framework;
			path = AFNetworking.framework;
			remoteRef = 745EE2851C2ACDD2003931D6 /* PBXContainerItemProxy */;
			sourceTree = BUILT_PRODUCTS_DIR;
		};
		745EE2881C2ACDD2003931D6 /* AFNetworking.framework */ = {
			isa = PBXReferenceProxy;
			fileType = wrapper.framework;
			path = AFNetworking.framework;
			remoteRef = 745EE2871C2ACDD2003931D6 /* PBXContainerItemProxy */;
			sourceTree = BUILT_PRODUCTS_DIR;
		};
		745EE28A1C2ACDD2003931D6 /* AFNetworking iOS Tests.xctest */ = {
			isa = PBXReferenceProxy;
			fileType = wrapper.cfbundle;
			path = "AFNetworking iOS Tests.xctest";
			remoteRef = 745EE2891C2ACDD2003931D6 /* PBXContainerItemProxy */;
			sourceTree = BUILT_PRODUCTS_DIR;
		};
		745EE28C1C2ACDD2003931D6 /* AFNetworking Mac OS X Tests.xctest */ = {
			isa = PBXReferenceProxy;
			fileType = wrapper.cfbundle;
			path = "AFNetworking Mac OS X Tests.xctest";
			remoteRef = 745EE28B1C2ACDD2003931D6 /* PBXContainerItemProxy */;
			sourceTree = BUILT_PRODUCTS_DIR;
		};
		745EE28E1C2ACDD2003931D6 /* AFNetworking tvOS Tests.xctest */ = {
			isa = PBXReferenceProxy;
			fileType = wrapper.cfbundle;
			path = "AFNetworking tvOS Tests.xctest";
			remoteRef = 745EE28D1C2ACDD2003931D6 /* PBXContainerItemProxy */;
			sourceTree = BUILT_PRODUCTS_DIR;
		};
		745EE2971C2ACDD7003931D6 /* Kiwi.framework */ = {
			isa = PBXReferenceProxy;
			fileType = wrapper.framework;
			path = Kiwi.framework;
			remoteRef = 745EE2961C2ACDD7003931D6 /* PBXContainerItemProxy */;
			sourceTree = BUILT_PRODUCTS_DIR;
		};
		745EE2991C2ACDD7003931D6 /* KiwiTests.xctest */ = {
			isa = PBXReferenceProxy;
			fileType = wrapper.cfbundle;
			path = KiwiTests.xctest;
			remoteRef = 745EE2981C2ACDD7003931D6 /* PBXContainerItemProxy */;
			sourceTree = BUILT_PRODUCTS_DIR;
		};
		745EE29B1C2ACDD7003931D6 /* Kiwi.framework */ = {
			isa = PBXReferenceProxy;
			fileType = wrapper.framework;
			path = Kiwi.framework;
			remoteRef = 745EE29A1C2ACDD7003931D6 /* PBXContainerItemProxy */;
			sourceTree = BUILT_PRODUCTS_DIR;
		};
		745EE29D1C2ACDD7003931D6 /* KiwiTests.xctest */ = {
			isa = PBXReferenceProxy;
			fileType = wrapper.cfbundle;
			path = KiwiTests.xctest;
			remoteRef = 745EE29C1C2ACDD7003931D6 /* PBXContainerItemProxy */;
			sourceTree = BUILT_PRODUCTS_DIR;
		};
/* End PBXReferenceProxy section */

/* Begin PBXResourcesBuildPhase section */
		745EE25A1C2AC26F003931D6 /* Resources */ = {
			isa = PBXResourcesBuildPhase;
			buildActionMask = 2147483647;
			files = (
				745EE26F1C2AC26F003931D6 /* LaunchScreen.storyboard in Resources */,
				745EE26C1C2AC26F003931D6 /* Assets.xcassets in Resources */,
				745EE26A1C2AC26F003931D6 /* Main.storyboard in Resources */,
			);
			runOnlyForDeploymentPostprocessing = 0;
		};
		745EE2A61C2ACE7C003931D6 /* Resources */ = {
			isa = PBXResourcesBuildPhase;
			buildActionMask = 2147483647;
			files = (
			);
			runOnlyForDeploymentPostprocessing = 0;
		};
/* End PBXResourcesBuildPhase section */

/* Begin PBXSourcesBuildPhase section */
		745EE2581C2AC26F003931D6 /* Sources */ = {
			isa = PBXSourcesBuildPhase;
			buildActionMask = 2147483647;
			files = (
				745EE2671C2AC26F003931D6 /* LoginViewController.m in Sources */,
				745EE2641C2AC26F003931D6 /* AppDelegate.m in Sources */,
				745EE2611C2AC26F003931D6 /* main.m in Sources */,
				A1695DB95B800645A6197C9B /* SearchViewController.m in Sources */,
				A1695195874A3022281C84AF /* ListingViewController.m in Sources */,
				A169560CFDF2E6F822AD879D /* Employee.m in Sources */,
				742CC8DA1C2AFE570010AB43 /* UserCollectionViewCell.m in Sources */,
				A1695A66D51443A77F83BFF6 /* User.m in Sources */,
				A169570A02B01C69A80EE192 /* NetworkService.m in Sources */,
				A1695F120E1D2580899B4CF3 /* UserCollectionViewCellModel.m in Sources */,
				A1695715DF72F2DB50090BE0 /* ListingViewModel.m in Sources */,
				A1695A4B60FC55AD01EFC0A5 /* NSArray+Functional.m in Sources */,
				A16955E8EE8202423627A0B8 /* UserService.m in Sources */,
			);
			runOnlyForDeploymentPostprocessing = 0;
		};
		745EE2A41C2ACE7C003931D6 /* Sources */ = {
			isa = PBXSourcesBuildPhase;
			buildActionMask = 2147483647;
			files = (
				745EE2AB1C2ACE7C003931D6 /* GithubSearchTests.m in Sources */,
			);
			runOnlyForDeploymentPostprocessing = 0;
		};
/* End PBXSourcesBuildPhase section */

/* Begin PBXTargetDependency section */
		745EE2A31C2ACDF9003931D6 /* PBXTargetDependency */ = {
			isa = PBXTargetDependency;
			name = "AFNetworking iOS";
			targetProxy = 745EE2A21C2ACDF9003931D6 /* PBXContainerItemProxy */;
		};
		745EE2AE1C2ACE7C003931D6 /* PBXTargetDependency */ = {
			isa = PBXTargetDependency;
			target = 745EE25B1C2AC26F003931D6 /* GithubSearch */;
			targetProxy = 745EE2AD1C2ACE7C003931D6 /* PBXContainerItemProxy */;
		};
		745EE2B31C2ACEA5003931D6 /* PBXTargetDependency */ = {
			isa = PBXTargetDependency;
			name = "Kiwi-iOS";
			targetProxy = 745EE2B21C2ACEA5003931D6 /* PBXContainerItemProxy */;
		};
/* End PBXTargetDependency section */

/* Begin PBXVariantGroup section */
		745EE2681C2AC26F003931D6 /* Main.storyboard */ = {
			isa = PBXVariantGroup;
			children = (
				745EE2691C2AC26F003931D6 /* Base */,
			);
			name = Main.storyboard;
			sourceTree = "<group>";
		};
		745EE26D1C2AC26F003931D6 /* LaunchScreen.storyboard */ = {
			isa = PBXVariantGroup;
			children = (
				745EE26E1C2AC26F003931D6 /* Base */,
			);
			name = LaunchScreen.storyboard;
			sourceTree = "<group>";
		};
/* End PBXVariantGroup section */

/* Begin XCBuildConfiguration section */
		745EE2711C2AC26F003931D6 /* Debug */ = {
			isa = XCBuildConfiguration;
			buildSettings = {
				ALWAYS_SEARCH_USER_PATHS = NO;
				CLANG_CXX_LANGUAGE_STANDARD = "gnu++0x";
				CLANG_CXX_LIBRARY = "libc++";
				CLANG_ENABLE_MODULES = YES;
				CLANG_ENABLE_OBJC_ARC = YES;
				CLANG_WARN_BOOL_CONVERSION = YES;
				CLANG_WARN_CONSTANT_CONVERSION = YES;
				CLANG_WARN_DIRECT_OBJC_ISA_USAGE = YES_ERROR;
				CLANG_WARN_EMPTY_BODY = YES;
				CLANG_WARN_ENUM_CONVERSION = YES;
				CLANG_WARN_INT_CONVERSION = YES;
				CLANG_WARN_OBJC_ROOT_CLASS = YES_ERROR;
				CLANG_WARN_UNREACHABLE_CODE = YES;
				CLANG_WARN__DUPLICATE_METHOD_MATCH = YES;
				"CODE_SIGN_IDENTITY[sdk=iphoneos*]" = "iPhone Developer";
				COPY_PHASE_STRIP = NO;
				DEBUG_INFORMATION_FORMAT = dwarf;
				ENABLE_STRICT_OBJC_MSGSEND = YES;
				ENABLE_TESTABILITY = YES;
				GCC_C_LANGUAGE_STANDARD = gnu99;
				GCC_DYNAMIC_NO_PIC = NO;
				GCC_NO_COMMON_BLOCKS = YES;
				GCC_OPTIMIZATION_LEVEL = 0;
				GCC_PREPROCESSOR_DEFINITIONS = (
					"DEBUG=1",
					"$(inherited)",
				);
				GCC_WARN_64_TO_32_BIT_CONVERSION = YES;
				GCC_WARN_ABOUT_RETURN_TYPE = YES_ERROR;
				GCC_WARN_UNDECLARED_SELECTOR = YES;
				GCC_WARN_UNINITIALIZED_AUTOS = YES_AGGRESSIVE;
				GCC_WARN_UNUSED_FUNCTION = YES;
				GCC_WARN_UNUSED_VARIABLE = YES;
				IPHONEOS_DEPLOYMENT_TARGET = 9.2;
				MTL_ENABLE_DEBUG_INFO = YES;
				ONLY_ACTIVE_ARCH = YES;
				SDKROOT = iphoneos;
			};
			name = Debug;
		};
		745EE2721C2AC26F003931D6 /* Release */ = {
			isa = XCBuildConfiguration;
			buildSettings = {
				ALWAYS_SEARCH_USER_PATHS = NO;
				CLANG_CXX_LANGUAGE_STANDARD = "gnu++0x";
				CLANG_CXX_LIBRARY = "libc++";
				CLANG_ENABLE_MODULES = YES;
				CLANG_ENABLE_OBJC_ARC = YES;
				CLANG_WARN_BOOL_CONVERSION = YES;
				CLANG_WARN_CONSTANT_CONVERSION = YES;
				CLANG_WARN_DIRECT_OBJC_ISA_USAGE = YES_ERROR;
				CLANG_WARN_EMPTY_BODY = YES;
				CLANG_WARN_ENUM_CONVERSION = YES;
				CLANG_WARN_INT_CONVERSION = YES;
				CLANG_WARN_OBJC_ROOT_CLASS = YES_ERROR;
				CLANG_WARN_UNREACHABLE_CODE = YES;
				CLANG_WARN__DUPLICATE_METHOD_MATCH = YES;
				"CODE_SIGN_IDENTITY[sdk=iphoneos*]" = "iPhone Developer";
				COPY_PHASE_STRIP = NO;
				DEBUG_INFORMATION_FORMAT = "dwarf-with-dsym";
				ENABLE_NS_ASSERTIONS = NO;
				ENABLE_STRICT_OBJC_MSGSEND = YES;
				GCC_C_LANGUAGE_STANDARD = gnu99;
				GCC_NO_COMMON_BLOCKS = YES;
				GCC_WARN_64_TO_32_BIT_CONVERSION = YES;
				GCC_WARN_ABOUT_RETURN_TYPE = YES_ERROR;
				GCC_WARN_UNDECLARED_SELECTOR = YES;
				GCC_WARN_UNINITIALIZED_AUTOS = YES_AGGRESSIVE;
				GCC_WARN_UNUSED_FUNCTION = YES;
				GCC_WARN_UNUSED_VARIABLE = YES;
				IPHONEOS_DEPLOYMENT_TARGET = 9.2;
				MTL_ENABLE_DEBUG_INFO = NO;
				SDKROOT = iphoneos;
				VALIDATE_PRODUCT = YES;
			};
			name = Release;
		};
		745EE2741C2AC26F003931D6 /* Debug */ = {
			isa = XCBuildConfiguration;
			buildSettings = {
				ASSETCATALOG_COMPILER_APPICON_NAME = AppIcon;
				INFOPLIST_FILE = GithubSearch/Info.plist;
				LD_RUNPATH_SEARCH_PATHS = "$(inherited) @executable_path/Frameworks";
				PRODUCT_BUNDLE_IDENTIFIER = com.thoughtworks.jianzhang.GithubSearch;
				PRODUCT_NAME = "$(TARGET_NAME)";
			};
			name = Debug;
		};
		745EE2751C2AC26F003931D6 /* Release */ = {
			isa = XCBuildConfiguration;
			buildSettings = {
				ASSETCATALOG_COMPILER_APPICON_NAME = AppIcon;
				INFOPLIST_FILE = GithubSearch/Info.plist;
				LD_RUNPATH_SEARCH_PATHS = "$(inherited) @executable_path/Frameworks";
				PRODUCT_BUNDLE_IDENTIFIER = com.thoughtworks.jianzhang.GithubSearch;
				PRODUCT_NAME = "$(TARGET_NAME)";
			};
			name = Release;
		};
		745EE2B01C2ACE7C003931D6 /* Debug */ = {
			isa = XCBuildConfiguration;
			buildSettings = {
				BUNDLE_LOADER = "$(TEST_HOST)";
				INFOPLIST_FILE = GithubSearchTests/Info.plist;
				LD_RUNPATH_SEARCH_PATHS = "$(inherited) @executable_path/Frameworks @loader_path/Frameworks";
				PRODUCT_BUNDLE_IDENTIFIER = com.thoughtworks.jianzhang.GithubSearchTests;
				PRODUCT_NAME = "$(TARGET_NAME)";
				TEST_HOST = "$(BUILT_PRODUCTS_DIR)/GithubSearch.app/GithubSearch";
			};
			name = Debug;
		};
		745EE2B11C2ACE7C003931D6 /* Release */ = {
			isa = XCBuildConfiguration;
			buildSettings = {
				BUNDLE_LOADER = "$(TEST_HOST)";
				INFOPLIST_FILE = GithubSearchTests/Info.plist;
				LD_RUNPATH_SEARCH_PATHS = "$(inherited) @executable_path/Frameworks @loader_path/Frameworks";
				PRODUCT_BUNDLE_IDENTIFIER = com.thoughtworks.jianzhang.GithubSearchTests;
				PRODUCT_NAME = "$(TARGET_NAME)";
				TEST_HOST = "$(BUILT_PRODUCTS_DIR)/GithubSearch.app/GithubSearch";
			};
			name = Release;
		};
/* End XCBuildConfiguration section */

/* Begin XCConfigurationList section */
		745EE2571C2AC26F003931D6 /* Build configuration list for PBXProject "GithubSearch" */ = {
			isa = XCConfigurationList;
			buildConfigurations = (
				745EE2711C2AC26F003931D6 /* Debug */,
				745EE2721C2AC26F003931D6 /* Release */,
			);
			defaultConfigurationIsVisible = 0;
			defaultConfigurationName = Release;
		};
		745EE2731C2AC26F003931D6 /* Build configuration list for PBXNativeTarget "GithubSearch" */ = {
			isa = XCConfigurationList;
			buildConfigurations = (
				745EE2741C2AC26F003931D6 /* Debug */,
				745EE2751C2AC26F003931D6 /* Release */,
			);
			defaultConfigurationIsVisible = 0;
			defaultConfigurationName = Release;
		};
		745EE2AF1C2ACE7C003931D6 /* Build configuration list for PBXNativeTarget "GithubSearchTests" */ = {
			isa = XCConfigurationList;
			buildConfigurations = (
				745EE2B01C2ACE7C003931D6 /* Debug */,
				745EE2B11C2ACE7C003931D6 /* Release */,
			);
			defaultConfigurationIsVisible = 0;
			defaultConfigurationName = Release;
		};
/* End XCConfigurationList section */
	};
	rootObject = 745EE2541C2AC26F003931D6 /* Project object */;
}
